
Microsoft Visual Studio Solution File, Format Version 12.00
# Visual Studio Version 17
VisualStudioVersion = 17.5.002.0
MinimumVisualStudioVersion = 10.0.40219.1
Project("{9A19103F-16F7-4668-BE54-9A1E7A4F7556}") = "Sharder", "Sharder.csproj", "{F44BF350-AB7A-4DBB-8FC0-544E9B35A15E}"
EndProject
Global
	GlobalSection(SolutionConfigurationPlatforms) = preSolution
		Debug|Any CPU = Debug|Any CPU
		Release|Any CPU = Release|Any CPU
	EndGlobalSection
	GlobalSection(ProjectConfigurationPlatforms) = postSolution
		{F44BF350-AB7A-4DBB-8FC0-544E9B35A15E}.Debug|Any CPU.ActiveCfg = Debug|Any CPU
		{F44BF350-AB7A-4DBB-8FC0-544E9B35A15E}.Debug|Any CPU.Build.0 = Debug|Any CPU
		{F44BF350-AB7A-4DBB-8FC0-544E9B35A15E}.Release|Any CPU.ActiveCfg = Release|Any CPU
		{F44BF350-AB7A-4DBB-8FC0-544E9B35A15E}.Release|Any CPU.Build.0 = Release|Any CPU
	EndGlobalSection
	GlobalSection(SolutionProperties) = preSolution
		HideSolutionNode = FALSE
	EndGlobalSection
	GlobalSection(ExtensibilityGlobals) = postSolution
		SolutionGuid = {C2E4BB87-FAAB-48F2-A47A-966B5ABDE785}
	EndGlobalSection
EndGlobal
